// !$*UTF8*$!
{
	archiveVersion = 1;
	classes = {
	};
	objectVersion = 77;
	objects = {

/* Begin PBXBuildFile section */
		3E5A1DEC2FD591D000A6136D /* Assets.xcassets in Resources */ = {isa = PBXBuildFile; fileRef = 3E5A1DE82FD591D000A6136D /* Assets.xcassets */; };
		3E5A1DED2FD591D000A6136D /* ContentView.swift in Sources */ = {isa = PBXBuildFile; fileRef = 3E5A1DE92FD591D000A6136D /* ContentView.swift */; };
		3E5A1DEE2FD591D000A6136D /* DevPrepApp.swift in Sources */ = {isa = PBXBuildFile; fileRef = 3E5A1DEA2FD591D000A6136D /* DevPrepApp.swift */; };
		3E5A1DF52FD5921600A6136D /* Question.swift in Sources */ = {isa = PBXBuildFile; fileRef = 3E5A1DF42FD5920C00A6136D /* Question.swift */; };
		3E5A1DF72FD5923800A6136D /* Category.swift in Sources */ = {isa = PBXBuildFile; fileRef = 3E5A1DF62FD5923500A6136D /* Category.swift */; };
		3E5A1DF92FD5927300A6136D /* Difficulty.swift in Sources */ = {isa = PBXBuildFile; fileRef = 3E5A1DF82FD5927100A6136D /* Difficulty.swift */; };
		3E5A1DFB2FD592DC00A6136D /* Simulation.swift in Sources */ = {isa = PBXBuildFile; fileRef = 3E5A1DFA2FD592DA00A6136D /* Simulation.swift */; };
		3E5A1DFD2FD592E900A6136D /* UserProgress.swift in Sources */ = {isa = PBXBuildFile; fileRef = 3E5A1DFC2FD592E700A6136D /* UserProgress.swift */; };
		3E5A1E042FD593F600A6136D /* QuestionRepository.swift in Sources */ = {isa = PBXBuildFile; fileRef = 3E5A1E032FD593F200A6136D /* QuestionRepository.swift */; };
		3E5A1E062FD5940E00A6136D /* JSONQuestionRepository.swift in Sources */ = {isa = PBXBuildFile; fileRef = 3E5A1E052FD5940900A6136D /* JSONQuestionRepository.swift */; };
		3E5A1E082FD5942A00A6136D /* RepositoryError.swift in Sources */ = {isa = PBXBuildFile; fileRef = 3E5A1E072FD5942700A6136D /* RepositoryError.swift */; };
		3E5A1E0B2FD595A400A6136D /* questions.json in Resources */ = {isa = PBXBuildFile; fileRef = 3E5A1E092FD595A400A6136D /* questions.json */; };
		3E5A1E0F2FD595EE00A6136D /* GetQuestionsUseCase.swift in Sources */ = {isa = PBXBuildFile; fileRef = 3E5A1E0E2FD595E800A6136D /* GetQuestionsUseCase.swift */; };
		3E5A1E142FD5973900A6136D /* SplashView.swift in Sources */ = {isa = PBXBuildFile; fileRef = 3E5A1E132FD5973600A6136D /* SplashView.swift */; };
		3E5A1E1B2FD59C6900A6136D /* HomeView.swift in Sources */ = {isa = PBXBuildFile; fileRef = 3E5A1E1A2FD59C6700A6136D /* HomeView.swift */; };
		3E5A1E1D2FD59D4000A6136D /* AppStrings.swift in Sources */ = {isa = PBXBuildFile; fileRef = 3E5A1E1C2FD59D3E00A6136D /* AppStrings.swift */; };
		3E5A1E1F2FD59D6C00A6136D /* CategoryCard.swift in Sources */ = {isa = PBXBuildFile; fileRef = 3E5A1E1E2FD59D6900A6136D /* CategoryCard.swift */; };
		3E5A1E212FD59D7900A6136D /* HomeActionCard.swift in Sources */ = {isa = PBXBuildFile; fileRef = 3E5A1E202FD59D7700A6136D /* HomeActionCard.swift */; };
		3E5A1E242FD59E0500A6136D /* QuestionList.swift in Sources */ = {isa = PBXBuildFile; fileRef = 3E5A1E232FD59E0000A6136D /* QuestionList.swift */; };
		3E5A1E272FD59E8700A6136D /* QuestionListViewModel.swift in Sources */ = {isa = PBXBuildFile; fileRef = 3E5A1E262FD59E8300A6136D /* QuestionListViewModel.swift */; };
		3E5A1E292FD59F8200A6136D /* QuestionDetail.swift in Sources */ = {isa = PBXBuildFile; fileRef = 3E5A1E282FD59F7E00A6136D /* QuestionDetail.swift */; };
/* End PBXBuildFile section */

/* Begin PBXFileReference section */
		3E5A1DDA2FD591AC00A6136D /* DevPrep.app */ = {isa = PBXFileReference; explicitFileType = wrapper.application; includeInIndex = 0; path = DevPrep.app; sourceTree = BUILT_PRODUCTS_DIR; };
		3E5A1DE82FD591D000A6136D /* Assets.xcassets */ = {isa = PBXFileReference; lastKnownFileType = folder.assetcatalog; path = Assets.xcassets; sourceTree = "<group>"; };
		3E5A1DE92FD591D000A6136D /* ContentView.swift */ = {isa = PBXFileReference; lastKnownFileType = sourcecode.swift; path = ContentView.swift; sourceTree = "<group>"; };
		3E5A1DEA2FD591D000A6136D /* DevPrepApp.swift */ = {isa = PBXFileReference; lastKnownFileType = sourcecode.swift; path = DevPrepApp.swift; sourceTree = "<group>"; };
		3E5A1DF42FD5920C00A6136D /* Question.swift */ = {isa = PBXFileReference; lastKnownFileType = sourcecode.swift; path = Question.swift; sourceTree = "<group>"; };
		3E5A1DF62FD5923500A6136D /* Category.swift */ = {isa = PBXFileReference; lastKnownFileType = sourcecode.swift; path = Category.swift; sourceTree = "<group>"; };
		3E5A1DF82FD5927100A6136D /* Difficulty.swift */ = {isa = PBXFileReference; lastKnownFileType = sourcecode.swift; path = Difficulty.swift; sourceTree = "<group>"; };
		3E5A1DFA2FD592DA00A6136D /* Simulation.swift */ = {isa = PBXFileReference; lastKnownFileType = sourcecode.swift; path = Simulation.swift; sourceTree = "<group>"; };
		3E5A1DFC2FD592E700A6136D /* UserProgress.swift */ = {isa = PBXFileReference; lastKnownFileType = sourcecode.swift; path = UserProgress.swift; sourceTree = "<group>"; };
		3E5A1E032FD593F200A6136D /* QuestionRepository.swift */ = {isa = PBXFileReference; lastKnownFileType = sourcecode.swift; path = QuestionRepository.swift; sourceTree = "<group>"; };
		3E5A1E052FD5940900A6136D /* JSONQuestionRepository.swift */ = {isa = PBXFileReference; lastKnownFileType = sourcecode.swift; path = JSONQuestionRepository.swift; sourceTree = "<group>"; };
		3E5A1E072FD5942700A6136D /* RepositoryError.swift */ = {isa = PBXFileReference; lastKnownFileType = sourcecode.swift; path = RepositoryError.swift; sourceTree = "<group>"; };
		3E5A1E092FD595A400A6136D /* questions.json */ = {isa = PBXFileReference; lastKnownFileType = text.json; path = questions.json; sourceTree = "<group>"; };
		3E5A1E0E2FD595E800A6136D /* GetQuestionsUseCase.swift */ = {isa = PBXFileReference; lastKnownFileType = sourcecode.swift; path = GetQuestionsUseCase.swift; sourceTree = "<group>"; };
		3E5A1E132FD5973600A6136D /* SplashView.swift */ = {isa = PBXFileReference; lastKnownFileType = sourcecode.swift; path = SplashView.swift; sourceTree = "<group>"; };
		3E5A1E1A2FD59C6700A6136D /* HomeView.swift */ = {isa = PBXFileReference; lastKnownFileType = sourcecode.swift; path = HomeView.swift; sourceTree = "<group>"; };
		3E5A1E1C2FD59D3E00A6136D /* AppStrings.swift */ = {isa = PBXFileReference; lastKnownFileType = sourcecode.swift; path = AppStrings.swift; sourceTree = "<group>"; };
		3E5A1E1E2FD59D6900A6136D /* CategoryCard.swift */ = {isa = PBXFileReference; lastKnownFileType = sourcecode.swift; path = CategoryCard.swift; sourceTree = "<group>"; };
		3E5A1E202FD59D7700A6136D /* HomeActionCard.swift */ = {isa = PBXFileReference; lastKnownFileType = sourcecode.swift; path = HomeActionCard.swift; sourceTree = "<group>"; };
		3E5A1E232FD59E0000A6136D /* QuestionList.swift */ = {isa = PBXFileReference; lastKnownFileType = sourcecode.swift; path = QuestionList.swift; sourceTree = "<group>"; };
		3E5A1E262FD59E8300A6136D /* QuestionListViewModel.swift */ = {isa = PBXFileReference; lastKnownFileType = sourcecode.swift; path = QuestionListViewModel.swift; sourceTree = "<group>"; };
		3E5A1E282FD59F7E00A6136D /* QuestionDetail.swift */ = {isa = PBXFileReference; lastKnownFileType = sourcecode.swift; path = QuestionDetail.swift; sourceTree = "<group>"; };
/* End PBXFileReference section */

/* Begin PBXFrameworksBuildPhase section */
		3E5A1DD72FD591AC00A6136D /* Frameworks */ = {
			isa = PBXFrameworksBuildPhase;
			buildActionMask = 2147483647;
			files = (
			);
			runOnlyForDeploymentPostprocessing = 0;
		};
/* End PBXFrameworksBuildPhase section */

/* Begin PBXGroup section */
		3E5A1DD12FD591AC00A6136D = {
			isa = PBXGroup;
			children = (
				3E5A1DEB2FD591D000A6136D /* DevPrep */,
				3E5A1DDB2FD591AC00A6136D /* Products */,
			);
			sourceTree = "<group>";
		};
		3E5A1DDB2FD591AC00A6136D /* Products */ = {
			isa = PBXGroup;
			children = (
				3E5A1DDA2FD591AC00A6136D /* DevPrep.app */,
			);
			name = Products;
			sourceTree = "<group>";
		};
		3E5A1DEB2FD591D000A6136D /* DevPrep */ = {
			isa = PBXGroup;
			children = (
				3E5A1DE92FD591D000A6136D /* ContentView.swift */,
				3E5A1DEA2FD591D000A6136D /* DevPrepApp.swift */,
				3E5A1DE82FD591D000A6136D /* Assets.xcassets */,
				3E5A1DF22FD591ED00A6136D /* Core */,
				3E5A1DF12FD591E900A6136D /* Data */,
				3E5A1DF02FD591E100A6136D /* Domain */,
				3E5A1DEF2FD591D700A6136D /* Presentation */,
				3E5A1E0A2FD595A400A6136D /* Resources */,
			);
			path = DevPrep;
			sourceTree = "<group>";
		};
		3E5A1DEF2FD591D700A6136D /* Presentation */ = {
			isa = PBXGroup;
			children = (
				3E5A1E112FD5961700A6136D /* ViewModels */,
				3E5A1E102FD5961100A6136D /* Views */,
			);
			path = Presentation;
			sourceTree = "<group>";
		};
		3E5A1DF02FD591E100A6136D /* Domain */ = {
			isa = PBXGroup;
			children = (
				3E5A1E0D2FD595E100A6136D /* UseCases */,
			);
			path = Domain;
			sourceTree = "<group>";
		};
		3E5A1DF12FD591E900A6136D /* Data */ = {
			isa = PBXGroup;
			children = (
				3E5A1E0C2FD595C700A6136D /* Errors */,
				3E5A1E022FD593E800A6136D /* Repositories */,
			);
			path = Data;
			sourceTree = "<group>";
		};
		3E5A1DF22FD591ED00A6136D /* Core */ = {
			isa = PBXGroup;
			children = (
				3E5A1DF32FD5920700A6136D /* Models */,
			);
			path = Core;
			sourceTree = "<group>";
		};
		3E5A1DF32FD5920700A6136D /* Models */ = {
			isa = PBXGroup;
			children = (
				3E5A1E1C2FD59D3E00A6136D /* AppStrings.swift */,
				3E5A1DFC2FD592E700A6136D /* UserProgress.swift */,
				3E5A1DFA2FD592DA00A6136D /* Simulation.swift */,
				3E5A1DF82FD5927100A6136D /* Difficulty.swift */,
				3E5A1DF62FD5923500A6136D /* Category.swift */,
				3E5A1DF42FD5920C00A6136D /* Question.swift */,
			);
			path = Models;
			sourceTree = "<group>";
		};
		3E5A1E022FD593E800A6136D /* Repositories */ = {
			isa = PBXGroup;
			children = (
				3E5A1E052FD5940900A6136D /* JSONQuestionRepository.swift */,
				3E5A1E032FD593F200A6136D /* QuestionRepository.swift */,
			);
			path = Repositories;
			sourceTree = "<group>";
		};
		3E5A1E0A2FD595A400A6136D /* Resources */ = {
			isa = PBXGroup;
			children = (
				3E5A1E092FD595A400A6136D /* questions.json */,
			);
			path = Resources;
			sourceTree = "<group>";
		};
		3E5A1E0C2FD595C700A6136D /* Errors */ = {
			isa = PBXGroup;
			children = (
				3E5A1E072FD5942700A6136D /* RepositoryError.swift */,
			);
			path = Errors;
			sourceTree = "<group>";
		};
		3E5A1E0D2FD595E100A6136D /* UseCases */ = {
			isa = PBXGroup;
			children = (
				3E5A1E0E2FD595E800A6136D /* GetQuestionsUseCase.swift */,
			);
			path = UseCases;
			sourceTree = "<group>";
		};
		3E5A1E102FD5961100A6136D /* Views */ = {
			isa = PBXGroup;
			children = (
				3E5A1E222FD59DFB00A6136D /* QuestionList */,
				3E5A1E192FD59C3400A6136D /* Home */,
				3E5A1E122FD5972F00A6136D /* SplashView */,
			);
			path = Views;
			sourceTree = "<group>";
		};
		3E5A1E112FD5961700A6136D /* ViewModels */ = {
			isa = PBXGroup;
			children = (
				3E5A1E252FD59E7900A6136D /* QuestionListViewModel */,
			);
			path = ViewModels;
			sourceTree = "<group>";
		};
		3E5A1E122FD5972F00A6136D /* SplashView */ = {
			isa = PBXGroup;
			children = (
				3E5A1E132FD5973600A6136D /* SplashView.swift */,
			);
			path = SplashView;
			sourceTree = "<group>";
		};
		3E5A1E192FD59C3400A6136D /* Home */ = {
			isa = PBXGroup;
			children = (
				3E5A1E202FD59D7700A6136D /* HomeActionCard.swift */,
				3E5A1E1E2FD59D6900A6136D /* CategoryCard.swift */,
				3E5A1E1A2FD59C6700A6136D /* HomeView.swift */,
			);
			path = Home;
			sourceTree = "<group>";
		};
		3E5A1E222FD59DFB00A6136D /* QuestionList */ = {
			isa = PBXGroup;
			children = (
				3E5A1E282FD59F7E00A6136D /* QuestionDetail.swift */,
				3E5A1E232FD59E0000A6136D /* QuestionList.swift */,
			);
			path = QuestionList;
			sourceTree = "<group>";
		};
		3E5A1E252FD59E7900A6136D /* QuestionListViewModel */ = {
			isa = PBXGroup;
			children = (
				3E5A1E262FD59E8300A6136D /* QuestionListViewModel.swift */,
			);
			path = QuestionListViewModel;
			sourceTree = "<group>";
		};
/* End PBXGroup section */

/* Begin PBXNativeTarget section */
		3E5A1DD92FD591AC00A6136D /* DevPrep */ = {
			isa = PBXNativeTarget;
			buildConfigurationList = 3E5A1DE52FD591AD00A6136D /* Build configuration list for PBXNativeTarget "DevPrep" */;
			buildPhases = (
				3E5A1DD62FD591AC00A6136D /* Sources */,
				3E5A1DD72FD591AC00A6136D /* Frameworks */,
				3E5A1DD82FD591AC00A6136D /* Resources */,
			);
			buildRules = (
			);
			dependencies = (
			);
			name = DevPrep;
			packageProductDependencies = (
			);
			productName = DevPrep;
			productReference = 3E5A1DDA2FD591AC00A6136D /* DevPrep.app */;
			productType = "com.apple.product-type.application";
		};
/* End PBXNativeTarget section */

/* Begin PBXProject section */
		3E5A1DD22FD591AC00A6136D /* Project object */ = {
			isa = PBXProject;
			attributes = {
				BuildIndependentTargetsInParallel = 1;
				LastSwiftUpdateCheck = 2630;
				LastUpgradeCheck = 2630;
				TargetAttributes = {
					3E5A1DD92FD591AC00A6136D = {
						CreatedOnToolsVersion = 26.3;
					};
				};
			};
			buildConfigurationList = 3E5A1DD52FD591AC00A6136D /* Build configuration list for PBXProject "DevPrep" */;
			developmentRegion = en;
			hasScannedForEncodings = 0;
			knownRegions = (
				en,
				Base,
			);
			mainGroup = 3E5A1DD12FD591AC00A6136D;
			minimizedProjectReferenceProxies = 1;
			preferredProjectObjectVersion = 77;
			productRefGroup = 3E5A1DDB2FD591AC00A6136D /* Products */;
			projectDirPath = "";
			projectRoot = "";
			targets = (
				3E5A1DD92FD591AC00A6136D /* DevPrep */,
			);
		};
/* End PBXProject section */

/* Begin PBXResourcesBuildPhase section */
		3E5A1DD82FD591AC00A6136D /* Resources */ = {
			isa = PBXResourcesBuildPhase;
			buildActionMask = 2147483647;
			files = (
				3E5A1DEC2FD591D000A6136D /* Assets.xcassets in Resources */,
				3E5A1E0B2FD595A400A6136D /* questions.json in Resources */,
			);
			runOnlyForDeploymentPostprocessing = 0;
		};
/* End PBXResourcesBuildPhase section */

/* Begin PBXSourcesBuildPhase section */
		3E5A1DD62FD591AC00A6136D /* Sources */ = {
			isa = PBXSourcesBuildPhase;
			buildActionMask = 2147483647;
			files = (
				3E5A1E212FD59D7900A6136D /* HomeActionCard.swift in Sources */,
				3E5A1DF52FD5921600A6136D /* Question.swift in Sources */,
				3E5A1DED2FD591D000A6136D /* ContentView.swift in Sources */,
				3E5A1E1B2FD59C6900A6136D /* HomeView.swift in Sources */,
				3E5A1DF92FD5927300A6136D /* Difficulty.swift in Sources */,
				3E5A1E1D2FD59D4000A6136D /* AppStrings.swift in Sources */,
				3E5A1E042FD593F600A6136D /* QuestionRepository.swift in Sources */,
				3E5A1E1F2FD59D6C00A6136D /* CategoryCard.swift in Sources */,
				3E5A1E292FD59F8200A6136D /* QuestionDetail.swift in Sources */,
				3E5A1E272FD59E8700A6136D /* QuestionListViewModel.swift in Sources */,
				3E5A1E082FD5942A00A6136D /* RepositoryError.swift in Sources */,
				3E5A1E142FD5973900A6136D /* SplashView.swift in Sources */,
				3E5A1E0F2FD595EE00A6136D /* GetQuestionsUseCase.swift in Sources */,
				3E5A1DEE2FD591D000A6136D /* DevPrepApp.swift in Sources */,
				3E5A1E062FD5940E00A6136D /* JSONQuestionRepository.swift in Sources */,
				3E5A1E242FD59E0500A6136D /* QuestionList.swift in Sources */,
				3E5A1DFB2FD592DC00A6136D /* Simulation.swift in Sources */,
				3E5A1DFD2FD592E900A6136D /* UserProgress.swift in Sources */,
				3E5A1DF72FD5923800A6136D /* Category.swift in Sources */,
			);
			runOnlyForDeploymentPostprocessing = 0;
		};
/* End PBXSourcesBuildPhase section */

/* Begin XCBuildConfiguration section */
		3E5A1DE32FD591AD00A6136D /* Debug */ = {
			isa = XCBuildConfiguration;
			buildSettings = {
				ALWAYS_SEARCH_USER_PATHS = NO;
				ASSETCATALOG_COMPILER_GENERATE_SWIFT_ASSET_SYMBOL_EXTENSIONS = YES;
				CLANG_ANALYZER_NONNULL = YES;
				CLANG_ANALYZER_NUMBER_OBJECT_CONVERSION = YES_AGGRESSIVE;
				CLANG_CXX_LANGUAGE_STANDARD = "gnu++20";
				CLANG_ENABLE_MODULES = YES;
				CLANG_ENABLE_OBJC_ARC = YES;
				CLANG_ENABLE_OBJC_WEAK = YES;
				CLANG_WARN_BLOCK_CAPTURE_AUTORELEASING = YES;
				CLANG_WARN_BOOL_CONVERSION = YES;
				CLANG_WARN_COMMA = YES;
				CLANG_WARN_CONSTANT_CONVERSION = YES;
				CLANG_WARN_DEPRECATED_OBJC_IMPLEMENTATIONS = YES;
				CLANG_WARN_DIRECT_OBJC_ISA_USAGE = YES_ERROR;
				CLANG_WARN_DOCUMENTATION_COMMENTS = YES;
				CLANG_WARN_EMPTY_BODY = YES;
				CLANG_WARN_ENUM_CONVERSION = YES;
				CLANG_WARN_INFINITE_RECURSION = YES;
				CLANG_WARN_INT_CONVERSION = YES;
				CLANG_WARN_NON_LITERAL_NULL_CONVERSION = YES;
				CLANG_WARN_OBJC_IMPLICIT_RETAIN_SELF = YES;
				CLANG_WARN_OBJC_LITERAL_CONVERSION = YES;
				CLANG_WARN_OBJC_ROOT_CLASS = YES_ERROR;
				CLANG_WARN_QUOTED_INCLUDE_IN_FRAMEWORK_HEADER = YES;
				CLANG_WARN_RANGE_LOOP_ANALYSIS = YES;
				CLANG_WARN_STRICT_PROTOTYPES = YES;
				CLANG_WARN_SUSPICIOUS_MOVE = YES;
				CLANG_WARN_UNGUARDED_AVAILABILITY = YES_AGGRESSIVE;
				CLANG_WARN_UNREACHABLE_CODE = YES;
				CLANG_WARN__DUPLICATE_METHOD_MATCH = YES;
				COPY_PHASE_STRIP = NO;
				DEBUG_INFORMATION_FORMAT = dwarf;
				ENABLE_STRICT_OBJC_MSGSEND = YES;
				ENABLE_TESTABILITY = YES;
				ENABLE_USER_SCRIPT_SANDBOXING = YES;
				GCC_C_LANGUAGE_STANDARD = gnu17;
				GCC_DYNAMIC_NO_PIC = NO;
				GCC_NO_COMMON_BLOCKS = YES;
				GCC_OPTIMIZATION_LEVEL = 0;
				GCC_PREPROCESSOR_DEFINITIONS = (
					"DEBUG=1",
					"$(inherited)",
				);
				GCC_WARN_64_TO_32_BIT_CONVERSION = YES;
				GCC_WARN_ABOUT_RETURN_TYPE = YES_ERROR;
				GCC_WARN_UNDECLARED_SELECTOR = YES;
				GCC_WARN_UNINITIALIZED_AUTOS = YES_AGGRESSIVE;
				GCC_WARN_UNUSED_FUNCTION = YES;
				GCC_WARN_UNUSED_VARIABLE = YES;
				LOCALIZATION_PREFERS_STRING_CATALOGS = YES;
				MTL_ENABLE_DEBUG_INFO = INCLUDE_SOURCE;
				MTL_FAST_MATH = YES;
				ONLY_ACTIVE_ARCH = YES;
				SWIFT_ACTIVE_COMPILATION_CONDITIONS = "DEBUG $(inherited)";
				SWIFT_OPTIMIZATION_LEVEL = "-Onone";
			};
			name = Debug;
		};
		3E5A1DE42FD591AD00A6136D /* Release */ = {
			isa = XCBuildConfiguration;
			buildSettings = {
				ALWAYS_SEARCH_USER_PATHS = NO;
				ASSETCATALOG_COMPILER_GENERATE_SWIFT_ASSET_SYMBOL_EXTENSIONS = YES;
				CLANG_ANALYZER_NONNULL = YES;
				CLANG_ANALYZER_NUMBER_OBJECT_CONVERSION = YES_AGGRESSIVE;
				CLANG_CXX_LANGUAGE_STANDARD = "gnu++20";
				CLANG_ENABLE_MODULES = YES;
				CLANG_ENABLE_OBJC_ARC = YES;
				CLANG_ENABLE_OBJC_WEAK = YES;
				CLANG_WARN_BLOCK_CAPTURE_AUTORELEASING = YES;
				CLANG_WARN_BOOL_CONVERSION = YES;
				CLANG_WARN_COMMA = YES;
				CLANG_WARN_CONSTANT_CONVERSION = YES;
				CLANG_WARN_DEPRECATED_OBJC_IMPLEMENTATIONS = YES;
				CLANG_WARN_DIRECT_OBJC_ISA_USAGE = YES_ERROR;
				CLANG_WARN_DOCUMENTATION_COMMENTS = YES;
				CLANG_WARN_EMPTY_BODY = YES;
				CLANG_WARN_ENUM_CONVERSION = YES;
				CLANG_WARN_INFINITE_RECURSION = YES;
				CLANG_WARN_INT_CONVERSION = YES;
				CLANG_WARN_NON_LITERAL_NULL_CONVERSION = YES;
				CLANG_WARN_OBJC_IMPLICIT_RETAIN_SELF = YES;
				CLANG_WARN_OBJC_LITERAL_CONVERSION = YES;
				CLANG_WARN_OBJC_ROOT_CLASS = YES_ERROR;
				CLANG_WARN_QUOTED_INCLUDE_IN_FRAMEWORK_HEADER = YES;
				CLANG_WARN_RANGE_LOOP_ANALYSIS = YES;
				CLANG_WARN_STRICT_PROTOTYPES = YES;
				CLANG_WARN_SUSPICIOUS_MOVE = YES;
				CLANG_WARN_UNGUARDED_AVAILABILITY = YES_AGGRESSIVE;
				CLANG_WARN_UNREACHABLE_CODE = YES;
				CLANG_WARN__DUPLICATE_METHOD_MATCH = YES;
				COPY_PHASE_STRIP = NO;
				DEBUG_INFORMATION_FORMAT = "dwarf-with-dsym";
				ENABLE_NS_ASSERTIONS = NO;
				ENABLE_STRICT_OBJC_MSGSEND = YES;
				ENABLE_USER_SCRIPT_SANDBOXING = YES;
				GCC_C_LANGUAGE_STANDARD = gnu17;
				GCC_NO_COMMON_BLOCKS = YES;
				GCC_WARN_64_TO_32_BIT_CONVERSION = YES;
				GCC_WARN_ABOUT_RETURN_TYPE = YES_ERROR;
				GCC_WARN_UNDECLARED_SELECTOR = YES;
				GCC_WARN_UNINITIALIZED_AUTOS = YES_AGGRESSIVE;
				GCC_WARN_UNUSED_FUNCTION = YES;
				GCC_WARN_UNUSED_VARIABLE = YES;
				LOCALIZATION_PREFERS_STRING_CATALOGS = YES;
				MTL_ENABLE_DEBUG_INFO = NO;
				MTL_FAST_MATH = YES;
				SWIFT_COMPILATION_MODE = wholemodule;
			};
			name = Release;
		};
		3E5A1DE62FD591AD00A6136D /* Debug */ = {
			isa = XCBuildConfiguration;
			buildSettings = {
				ASSETCATALOG_COMPILER_APPICON_NAME = AppIcon;
				ASSETCATALOG_COMPILER_GLOBAL_ACCENT_COLOR_NAME = AccentColor;
				CODE_SIGN_STYLE = Automatic;
				CURRENT_PROJECT_VERSION = 1;
				DEVELOPMENT_TEAM = DFKC25KSJZ;
				ENABLE_APP_SANDBOX = YES;
				ENABLE_PREVIEWS = YES;
				ENABLE_USER_SELECTED_FILES = readonly;
				GENERATE_INFOPLIST_FILE = YES;
				"INFOPLIST_KEY_UIApplicationSceneManifest_Generation[sdk=iphoneos*]" = YES;
				"INFOPLIST_KEY_UIApplicationSceneManifest_Generation[sdk=iphonesimulator*]" = YES;
				"INFOPLIST_KEY_UIApplicationSupportsIndirectInputEvents[sdk=iphoneos*]" = YES;
				"INFOPLIST_KEY_UIApplicationSupportsIndirectInputEvents[sdk=iphonesimulator*]" = YES;
				"INFOPLIST_KEY_UILaunchScreen_Generation[sdk=iphoneos*]" = YES;
				"INFOPLIST_KEY_UILaunchScreen_Generation[sdk=iphonesimulator*]" = YES;
				"INFOPLIST_KEY_UIStatusBarStyle[sdk=iphoneos*]" = UIStatusBarStyleDefault;
				"INFOPLIST_KEY_UIStatusBarStyle[sdk=iphonesimulator*]" = UIStatusBarStyleDefault;
				INFOPLIST_KEY_UISupportedInterfaceOrientations_iPad = "UIInterfaceOrientationPortrait UIInterfaceOrientationPortraitUpsideDown UIInterfaceOrientationLandscapeLeft UIInterfaceOrientationLandscapeRight";
				INFOPLIST_KEY_UISupportedInterfaceOrientations_iPhone = "UIInterfaceOrientationPortrait UIInterfaceOrientationLandscapeLeft UIInterfaceOrientationLandscapeRight";
				IPHONEOS_DEPLOYMENT_TARGET = 26.2;
				LD_RUNPATH_SEARCH_PATHS = "@executable_path/Frameworks";
				"LD_RUNPATH_SEARCH_PATHS[sdk=macosx*]" = "@executable_path/../Frameworks";
				MACOSX_DEPLOYMENT_TARGET = 26.2;
				MARKETING_VERSION = 1.0;
				PRODUCT_BUNDLE_IDENTIFIER = br.com.GBRmartins.DevPrep;
				PRODUCT_NAME = "$(TARGET_NAME)";
				REGISTER_APP_GROUPS = YES;
				SDKROOT = auto;
				STRING_CATALOG_GENERATE_SYMBOLS = YES;
				SUPPORTED_PLATFORMS = "iphoneos iphonesimulator macosx xros xrsimulator";
				SWIFT_APPROACHABLE_CONCURRENCY = YES;
				SWIFT_DEFAULT_ACTOR_ISOLATION = MainActor;
				SWIFT_EMIT_LOC_STRINGS = YES;
				SWIFT_UPCOMING_FEATURE_MEMBER_IMPORT_VISIBILITY = YES;
				SWIFT_VERSION = 5.0;
				TARGETED_DEVICE_FAMILY = "1,2,7";
				XROS_DEPLOYMENT_TARGET = 26.2;
			};
			name = Debug;
		};
		3E5A1DE72FD591AD00A6136D /* Release */ = {
			isa = XCBuildConfiguration;
			buildSettings = {
				ASSETCATALOG_COMPILER_APPICON_NAME = AppIcon;
				ASSETCATALOG_COMPILER_GLOBAL_ACCENT_COLOR_NAME = AccentColor;
				CODE_SIGN_STYLE = Automatic;
				CURRENT_PROJECT_VERSION = 1;
				DEVELOPMENT_TEAM = DFKC25KSJZ;
				ENABLE_APP_SANDBOX = YES;
				ENABLE_PREVIEWS = YES;
				ENABLE_USER_SELECTED_FILES = readonly;
				GENERATE_INFOPLIST_FILE = YES;
				"INFOPLIST_KEY_UIApplicationSceneManifest_Generation[sdk=iphoneos*]" = YES;
				"INFOPLIST_KEY_UIApplicationSceneManifest_Generation[sdk=iphonesimulator*]" = YES;
				"INFOPLIST_KEY_UIApplicationSupportsIndirectInputEvents[sdk=iphoneos*]" = YES;
				"INFOPLIST_KEY_UIApplicationSupportsIndirectInputEvents[sdk=iphonesimulator*]" = YES;
				"INFOPLIST_KEY_UILaunchScreen_Generation[sdk=iphoneos*]" = YES;
				"INFOPLIST_KEY_UILaunchScreen_Generation[sdk=iphonesimulator*]" = YES;
				"INFOPLIST_KEY_UIStatusBarStyle[sdk=iphoneos*]" = UIStatusBarStyleDefault;
				"INFOPLIST_KEY_UIStatusBarStyle[sdk=iphonesimulator*]" = UIStatusBarStyleDefault;
				INFOPLIST_KEY_UISupportedInterfaceOrientations_iPad = "UIInterfaceOrientationPortrait UIInterfaceOrientationPortraitUpsideDown UIInterfaceOrientationLandscapeLeft UIInterfaceOrientationLandscapeRight";
				INFOPLIST_KEY_UISupportedInterfaceOrientations_iPhone = "UIInterfaceOrientationPortrait UIInterfaceOrientationLandscapeLeft UIInterfaceOrientationLandscapeRight";
				IPHONEOS_DEPLOYMENT_TARGET = 26.2;
				LD_RUNPATH_SEARCH_PATHS = "@executable_path/Frameworks";
				"LD_RUNPATH_SEARCH_PATHS[sdk=macosx*]" = "@executable_path/../Frameworks";
				MACOSX_DEPLOYMENT_TARGET = 26.2;
				MARKETING_VERSION = 1.0;
				PRODUCT_BUNDLE_IDENTIFIER = br.com.GBRmartins.DevPrep;
				PRODUCT_NAME = "$(TARGET_NAME)";
				REGISTER_APP_GROUPS = YES;
				SDKROOT = auto;
				STRING_CATALOG_GENERATE_SYMBOLS = YES;
				SUPPORTED_PLATFORMS = "iphoneos iphonesimulator macosx xros xrsimulator";
				SWIFT_APPROACHABLE_CONCURRENCY = YES;
				SWIFT_DEFAULT_ACTOR_ISOLATION = MainActor;
				SWIFT_EMIT_LOC_STRINGS = YES;
				SWIFT_UPCOMING_FEATURE_MEMBER_IMPORT_VISIBILITY = YES;
				SWIFT_VERSION = 5.0;
				TARGETED_DEVICE_FAMILY = "1,2,7";
				XROS_DEPLOYMENT_TARGET = 26.2;
			};
			name = Release;
		};
/* End XCBuildConfiguration section */

/* Begin XCConfigurationList section */
		3E5A1DD52FD591AC00A6136D /* Build configuration list for PBXProject "DevPrep" */ = {
			isa = XCConfigurationList;
			buildConfigurations = (
				3E5A1DE32FD591AD00A6136D /* Debug */,
				3E5A1DE42FD591AD00A6136D /* Release */,
			);
			defaultConfigurationIsVisible = 0;
			defaultConfigurationName = Release;
		};
		3E5A1DE52FD591AD00A6136D /* Build configuration list for PBXNativeTarget "DevPrep" */ = {
			isa = XCConfigurationList;
			buildConfigurations = (
				3E5A1DE62FD591AD00A6136D /* Debug */,
				3E5A1DE72FD591AD00A6136D /* Release */,
			);
			defaultConfigurationIsVisible = 0;
			defaultConfigurationName = Release;
		};
/* End XCConfigurationList section */
	};
	rootObject = 3E5A1DD22FD591AC00A6136D /* Project object */;
}
